PODS:
  - IQKeyboardManagerSwift (6.5.10)
  - Sourcery (1.6.0)
  - SwiftMessages (9.0.6):
    - SwiftMessages/App (= 9.0.6)
  - SwiftMessages/App (9.0.6)
  - SwiftPullToRefresh (3.1.1)
  - SwiftyMocky (4.1.0):
    - Sourcery (= 1.6.0)

DEPENDENCIES:
  - IQKeyboardManagerSwift
  - SwiftMessages
  - SwiftPullToRefresh
  - SwiftyMocky

SPEC REPOS:
  trunk:
    - IQKeyboardManagerSwift
    - Sourcery
    - SwiftMessages
    - SwiftPullToRefresh
    - SwiftyMocky

SPEC CHECKSUMS:
  IQKeyboardManagerSwift: 52962c76ab33532f15ad9f3ff4e5715eda5335bb
  Sourcery: 744f43178637c79bf23127dfe34e2103b3f28499
  SwiftMessages: f0c7ef4705a570ad6c5e208b611f4333e660ed92
  SwiftPullToRefresh: f61d67439c5b8d66420fe57193cab8c279398e7a
  SwiftyMocky: 014739247afadb65efb5bb92ede32c22b9365762

PODFILE CHECKSUM: ee1bf6545d437987ffef5db4553cdf2122f87695

COCOAPODS: 1.11.3
