// !$*UTF8*$!
{
	archiveVersion = 1;
	classes = {
	};
	objectVersion = 55;
	objects = {

/* Begin PBXBuildFile section */
		583C9DFA1D9B010BB3770A6B /* Pods_GitHubRepositoriesAppTests.framework in Frameworks */ = {isa = PBXBuildFile; fileRef = 2AE2CE3FE8F9CC937CDB724D /* Pods_GitHubRepositoriesAppTests.framework */; };
		C037724863381BA0508EF562 /* Pods_GitHubRepositoriesNetworkClient.framework in Frameworks */ = {isa = PBXBuildFile; fileRef = B738F6E2D168ECCEFCFEFA2A /* Pods_GitHubRepositoriesNetworkClient.framework */; };
		D70FDB1F2919CD3200BCC62E /* GitHubRepository+CoreDataProperties copy.swift in Sources */ = {isa = PBXBuildFile; fileRef = D70FDB1B2919CD3100BCC62E /* GitHubRepository+CoreDataProperties copy.swift */; };
		D70FDB202919CD3200BCC62E /* GitHubRepository+CoreDataClass copy.swift in Sources */ = {isa = PBXBuildFile; fileRef = D70FDB1C2919CD3100BCC62E /* GitHubRepository+CoreDataClass copy.swift */; };
		D70FDB212919CD3200BCC62E /* Owner+CoreDataClass copy.swift in Sources */ = {isa = PBXBuildFile; fileRef = D70FDB1D2919CD3100BCC62E /* Owner+CoreDataClass copy.swift */; };
		D70FDB222919CD3200BCC62E /* Owner+CoreDataProperties copy.swift in Sources */ = {isa = PBXBuildFile; fileRef = D70FDB1E2919CD3200BCC62E /* Owner+CoreDataProperties copy.swift */; };
		D70FDB232919D01B00BCC62E /* GitHubRepository+CoreDataClass copy.swift in Sources */ = {isa = PBXBuildFile; fileRef = D70FDB1C2919CD3100BCC62E /* GitHubRepository+CoreDataClass copy.swift */; };
		D70FDB242919D02100BCC62E /* GitHubRepository+CoreDataProperties copy.swift in Sources */ = {isa = PBXBuildFile; fileRef = D70FDB1B2919CD3100BCC62E /* GitHubRepository+CoreDataProperties copy.swift */; };
		D70FDB252919D02400BCC62E /* Owner+CoreDataClass copy.swift in Sources */ = {isa = PBXBuildFile; fileRef = D70FDB1D2919CD3100BCC62E /* Owner+CoreDataClass copy.swift */; };
		D70FDB262919D02700BCC62E /* Owner+CoreDataProperties copy.swift in Sources */ = {isa = PBXBuildFile; fileRef = D70FDB1E2919CD3200BCC62E /* Owner+CoreDataProperties copy.swift */; };
		D70FDB28291A16AE00BCC62E /* ArrayExtension.swift in Sources */ = {isa = PBXBuildFile; fileRef = D70FDB27291A16AE00BCC62E /* ArrayExtension.swift */; };
		D799E32A291AA2010001A7D6 /* UIApplication+ShareExtension.swift in Sources */ = {isa = PBXBuildFile; fileRef = D799E329291AA2010001A7D6 /* UIApplication+ShareExtension.swift */; };
		D799E330291ABFCB0001A7D6 /* GitHubRepositoriesListTest.swift in Sources */ = {isa = PBXBuildFile; fileRef = D799E32F291ABFCB0001A7D6 /* GitHubRepositoriesListTest.swift */; };
		D799E332291AC0010001A7D6 /* GitHubRepositoriesListPresenter.swift in Sources */ = {isa = PBXBuildFile; fileRef = D799E331291AC0010001A7D6 /* GitHubRepositoriesListPresenter.swift */; };
		D799E336291AD6A30001A7D6 /* GitHubRepositoriesInteractorTests.swift in Sources */ = {isa = PBXBuildFile; fileRef = D799E335291AD6A30001A7D6 /* GitHubRepositoriesInteractorTests.swift */; };
		D799E338291ADA970001A7D6 /* GitHubRepositoriesInteractorSpy.swift in Sources */ = {isa = PBXBuildFile; fileRef = D799E337291ADA970001A7D6 /* GitHubRepositoriesInteractorSpy.swift */; };
		D79E795B291A7B7F000E0B40 /* NetworkError.swift in Sources */ = {isa = PBXBuildFile; fileRef = D79E795A291A7B7F000E0B40 /* NetworkError.swift */; };
		D79E795C291A7BBA000E0B40 /* NetworkError.swift in Sources */ = {isa = PBXBuildFile; fileRef = D79E795A291A7B7F000E0B40 /* NetworkError.swift */; };
		D79E795E291A87AB000E0B40 /* DateExtension.swift in Sources */ = {isa = PBXBuildFile; fileRef = D79E795D291A87AB000E0B40 /* DateExtension.swift */; };
		D79E7960291A8CE7000E0B40 /* GitHubRepositoryDetailsProtocols.swift in Sources */ = {isa = PBXBuildFile; fileRef = D79E795F291A8CE7000E0B40 /* GitHubRepositoryDetailsProtocols.swift */; };
		D79E7963291A8D03000E0B40 /* GitHubRepositoriesDetailsViewController.xib in Resources */ = {isa = PBXBuildFile; fileRef = D79E7961291A8D03000E0B40 /* GitHubRepositoriesDetailsViewController.xib */; };
		D79E7964291A8D03000E0B40 /* GitHubRepositoriesDetailsViewController.swift in Sources */ = {isa = PBXBuildFile; fileRef = D79E7962291A8D03000E0B40 /* GitHubRepositoriesDetailsViewController.swift */; };
		D79E7966291A8D11000E0B40 /* GithubRepositoryDetailsInteractor.swift in Sources */ = {isa = PBXBuildFile; fileRef = D79E7965291A8D11000E0B40 /* GithubRepositoryDetailsInteractor.swift */; };
		D79E7968291A8D18000E0B40 /* GitHubRepositoryDetailsPresenter.swift in Sources */ = {isa = PBXBuildFile; fileRef = D79E7967291A8D18000E0B40 /* GitHubRepositoryDetailsPresenter.swift */; };
		D79E796A291A8D20000E0B40 /* GitHubRepositoryDetailsRouter.swift in Sources */ = {isa = PBXBuildFile; fileRef = D79E7969291A8D20000E0B40 /* GitHubRepositoryDetailsRouter.swift */; };
		D79E796E291A93E0000E0B40 /* UIViewControllerExtension.swift in Sources */ = {isa = PBXBuildFile; fileRef = D79E796D291A93E0000E0B40 /* UIViewControllerExtension.swift */; };
		D7F56E21291969F1000DAD54 /* GitHubRepositoriesNetworkClient.docc in Sources */ = {isa = PBXBuildFile; fileRef = D7F56E20291969F1000DAD54 /* GitHubRepositoriesNetworkClient.docc */; };
		D7F56E22291969F1000DAD54 /* GitHubRepositoriesNetworkClient.h in Headers */ = {isa = PBXBuildFile; fileRef = D7F56E1F291969F1000DAD54 /* GitHubRepositoriesNetworkClient.h */; settings = {ATTRIBUTES = (Public, ); }; };
		D7F56E25291969F1000DAD54 /* GitHubRepositoriesNetworkClient.framework in Frameworks */ = {isa = PBXBuildFile; fileRef = D7F56E1D291969F1000DAD54 /* GitHubRepositoriesNetworkClient.framework */; };
		D7F56E26291969F1000DAD54 /* GitHubRepositoriesNetworkClient.framework in Embed Frameworks */ = {isa = PBXBuildFile; fileRef = D7F56E1D291969F1000DAD54 /* GitHubRepositoriesNetworkClient.framework */; settings = {ATTRIBUTES = (CodeSignOnCopy, RemoveHeadersOnCopy, ); }; };
		D7F56E2D29196A18000DAD54 /* NetworkDataManager.swift in Sources */ = {isa = PBXBuildFile; fileRef = D7F56E2C29196A18000DAD54 /* NetworkDataManager.swift */; };
		D7F56E3229196A38000DAD54 /* CoreDataModel.xcdatamodeld in Sources */ = {isa = PBXBuildFile; fileRef = D7F56E2F29196A38000DAD54 /* CoreDataModel.xcdatamodeld */; };
		D7F56E3529196A63000DAD54 /* NetworkClient.swift in Sources */ = {isa = PBXBuildFile; fileRef = D7F56E3429196A63000DAD54 /* NetworkClient.swift */; };
		D7F6245129186E7500DD4FB7 /* LaunchScreen.storyboard in Resources */ = {isa = PBXBuildFile; fileRef = D7F6244F29186E7500DD4FB7 /* LaunchScreen.storyboard */; };
		D7F624932918742600DD4FB7 /* SceneDelegate.swift in Sources */ = {isa = PBXBuildFile; fileRef = D7F624912918742500DD4FB7 /* SceneDelegate.swift */; };
		D7F624942918742600DD4FB7 /* AppDelegate.swift in Sources */ = {isa = PBXBuildFile; fileRef = D7F624922918742600DD4FB7 /* AppDelegate.swift */; };
		D7F6249C291874A100DD4FB7 /* AppConstants.swift in Sources */ = {isa = PBXBuildFile; fileRef = D7F6249B291874A100DD4FB7 /* AppConstants.swift */; };
		D7F6249E291874A800DD4FB7 /* Configuration.swift in Sources */ = {isa = PBXBuildFile; fileRef = D7F6249D291874A800DD4FB7 /* Configuration.swift */; };
		D7F624A0291874B300DD4FB7 /* Assets.xcassets in Resources */ = {isa = PBXBuildFile; fileRef = D7F6249F291874B300DD4FB7 /* Assets.xcassets */; };
		D7F624A2291874C800DD4FB7 /* StringExtension.swift in Sources */ = {isa = PBXBuildFile; fileRef = D7F624A1291874C800DD4FB7 /* StringExtension.swift */; };
		D7F624AB291874D200DD4FB7 /* UIImageViewExtension.swift in Sources */ = {isa = PBXBuildFile; fileRef = D7F624A3291874D100DD4FB7 /* UIImageViewExtension.swift */; };
		D7F624AC291874D200DD4FB7 /* UICollectionView+Register.swift in Sources */ = {isa = PBXBuildFile; fileRef = D7F624A4291874D100DD4FB7 /* UICollectionView+Register.swift */; };
		D7F624AD291874D200DD4FB7 /* UITableViewExtension.swift in Sources */ = {isa = PBXBuildFile; fileRef = D7F624A5291874D100DD4FB7 /* UITableViewExtension.swift */; };
		D7F624AE291874D200DD4FB7 /* UITableView+Register.swift in Sources */ = {isa = PBXBuildFile; fileRef = D7F624A6291874D200DD4FB7 /* UITableView+Register.swift */; };
		D7F624AF291874D200DD4FB7 /* UICcollectionViewExtension.swift in Sources */ = {isa = PBXBuildFile; fileRef = D7F624A7291874D200DD4FB7 /* UICcollectionViewExtension.swift */; };
		D7F624B0291874D200DD4FB7 /* UIScrollView+SwiftPullToRefersh.swift in Sources */ = {isa = PBXBuildFile; fileRef = D7F624A8291874D200DD4FB7 /* UIScrollView+SwiftPullToRefersh.swift */; };
		D7F624B2291874D200DD4FB7 /* UIViewExtension.swift in Sources */ = {isa = PBXBuildFile; fileRef = D7F624AA291874D200DD4FB7 /* UIViewExtension.swift */; };
		D7F624B6291874F100DD4FB7 /* EmptyView.xib in Resources */ = {isa = PBXBuildFile; fileRef = D7F624B4291874F100DD4FB7 /* EmptyView.xib */; };
		D7F624B7291874F100DD4FB7 /* EmptyView.swift in Sources */ = {isa = PBXBuildFile; fileRef = D7F624B5291874F100DD4FB7 /* EmptyView.swift */; };
		D7F624C42918766000DD4FB7 /* BaseViewController.swift in Sources */ = {isa = PBXBuildFile; fileRef = D7F624C32918766000DD4FB7 /* BaseViewController.swift */; };
		D7F624D22918773E00DD4FB7 /* GitHubRepositoriesProtocols.swift in Sources */ = {isa = PBXBuildFile; fileRef = D7F624D12918773E00DD4FB7 /* GitHubRepositoriesProtocols.swift */; };
		D7F624D52918774700DD4FB7 /* GitHubRepositoriesViewController.xib in Resources */ = {isa = PBXBuildFile; fileRef = D7F624D32918774700DD4FB7 /* GitHubRepositoriesViewController.xib */; };
		D7F624D62918774700DD4FB7 /* GitHubRepositoriesViewController.swift in Sources */ = {isa = PBXBuildFile; fileRef = D7F624D42918774700DD4FB7 /* GitHubRepositoriesViewController.swift */; };
		D7F624DD2918775400DD4FB7 /* GitHubRepositoryTableViewCell.xib in Resources */ = {isa = PBXBuildFile; fileRef = D7F624D92918775400DD4FB7 /* GitHubRepositoryTableViewCell.xib */; };
		D7F624DE2918775400DD4FB7 /* GitHubRepositoryTableViewCell.swift in Sources */ = {isa = PBXBuildFile; fileRef = D7F624DA2918775400DD4FB7 /* GitHubRepositoryTableViewCell.swift */; };
		D7F624E02918777A00DD4FB7 /* GitHubRepositoriesInteractor.swift in Sources */ = {isa = PBXBuildFile; fileRef = D7F624DF2918777A00DD4FB7 /* GitHubRepositoriesInteractor.swift */; };
		D7F624E22918778100DD4FB7 /* GitHubRepositoriesPresenter.swift in Sources */ = {isa = PBXBuildFile; fileRef = D7F624E12918778100DD4FB7 /* GitHubRepositoriesPresenter.swift */; };
		D7F624E42918778700DD4FB7 /* GitHubRepositoriesRouter.swift in Sources */ = {isa = PBXBuildFile; fileRef = D7F624E32918778700DD4FB7 /* GitHubRepositoriesRouter.swift */; };
		D9F9095F28E2AF828B0A16AB /* Pods_GitHubRepositoriesApp.framework in Frameworks */ = {isa = PBXBuildFile; fileRef = D3DD1F9D4C2BCD1C95FF0D7E /* Pods_GitHubRepositoriesApp.framework */; };
/* End PBXBuildFile section */

/* Begin PBXContainerItemProxy section */
		D7F56E23291969F1000DAD54 /* PBXContainerItemProxy */ = {
			isa = PBXContainerItemProxy;
			containerPortal = D7F6243929186E7300DD4FB7 /* Project object */;
			proxyType = 1;
			remoteGlobalIDString = D7F56E1C291969F1000DAD54;
			remoteInfo = GitHubRepositoriesNetworkClient;
		};
		D7F6245829186E7500DD4FB7 /* PBXContainerItemProxy */ = {
			isa = PBXContainerItemProxy;
			containerPortal = D7F6243929186E7300DD4FB7 /* Project object */;
			proxyType = 1;
			remoteGlobalIDString = D7F6244029186E7300DD4FB7;
			remoteInfo = GitHubRepositoriesApp;
		};
/* End PBXContainerItemProxy section */

/* Begin PBXCopyFilesBuildPhase section */
		D7F56E2A291969F1000DAD54 /* Embed Frameworks */ = {
			isa = PBXCopyFilesBuildPhase;
			buildActionMask = 2147483647;
			dstPath = "";
			dstSubfolderSpec = 10;
			files = (
				D7F56E26291969F1000DAD54 /* GitHubRepositoriesNetworkClient.framework in Embed Frameworks */,
			);
			name = "Embed Frameworks";
			runOnlyForDeploymentPostprocessing = 0;
		};
/* End PBXCopyFilesBuildPhase section */

/* Begin PBXFileReference section */
		01554C606E74059426CBFEAD /* Pods-GitHubRepositoriesApp-GitHubRepositoriesAppUITests.debug.xcconfig */ = {isa = PBXFileReference; includeInIndex = 1; lastKnownFileType = text.xcconfig; name = "Pods-GitHubRepositoriesApp-GitHubRepositoriesAppUITests.debug.xcconfig"; path = "Target Support Files/Pods-GitHubRepositoriesApp-GitHubRepositoriesAppUITests/Pods-GitHubRepositoriesApp-GitHubRepositoriesAppUITests.debug.xcconfig"; sourceTree = "<group>"; };
		0BA9290F4BC825322D66CA37 /* Pods-GitHubRepositoriesAppTests.debug.xcconfig */ = {isa = PBXFileReference; includeInIndex = 1; lastKnownFileType = text.xcconfig; name = "Pods-GitHubRepositoriesAppTests.debug.xcconfig"; path = "Target Support Files/Pods-GitHubRepositoriesAppTests/Pods-GitHubRepositoriesAppTests.debug.xcconfig"; sourceTree = "<group>"; };
		2AE2CE3FE8F9CC937CDB724D /* Pods_GitHubRepositoriesAppTests.framework */ = {isa = PBXFileReference; explicitFileType = wrapper.framework; includeInIndex = 0; path = Pods_GitHubRepositoriesAppTests.framework; sourceTree = BUILT_PRODUCTS_DIR; };
		67708EC4BB452A597E53B476 /* Pods-GitHubRepositoriesApp-GitHubRepositoriesAppUITests.release.xcconfig */ = {isa = PBXFileReference; includeInIndex = 1; lastKnownFileType = text.xcconfig; name = "Pods-GitHubRepositoriesApp-GitHubRepositoriesAppUITests.release.xcconfig"; path = "Target Support Files/Pods-GitHubRepositoriesApp-GitHubRepositoriesAppUITests/Pods-GitHubRepositoriesApp-GitHubRepositoriesAppUITests.release.xcconfig"; sourceTree = "<group>"; };
		A543AF04C8D6D0386EA1F7A6 /* Pods_GitHubRepositoriesApp_GitHubRepositoriesAppUITests.framework */ = {isa = PBXFileReference; explicitFileType = wrapper.framework; includeInIndex = 0; path = Pods_GitHubRepositoriesApp_GitHubRepositoriesAppUITests.framework; sourceTree = BUILT_PRODUCTS_DIR; };
		ABF44AFE8962104BA86259DC /* Pods-GitHubRepositoriesAppTests.release.xcconfig */ = {isa = PBXFileReference; includeInIndex = 1; lastKnownFileType = text.xcconfig; name = "Pods-GitHubRepositoriesAppTests.release.xcconfig"; path = "Target Support Files/Pods-GitHubRepositoriesAppTests/Pods-GitHubRepositoriesAppTests.release.xcconfig"; sourceTree = "<group>"; };
		AF320FDC83DFFDA9ACD1F36A /* Pods-GitHubRepositoriesNetworkClient.debug.xcconfig */ = {isa = PBXFileReference; includeInIndex = 1; lastKnownFileType = text.xcconfig; name = "Pods-GitHubRepositoriesNetworkClient.debug.xcconfig"; path = "Target Support Files/Pods-GitHubRepositoriesNetworkClient/Pods-GitHubRepositoriesNetworkClient.debug.xcconfig"; sourceTree = "<group>"; };
		B738F6E2D168ECCEFCFEFA2A /* Pods_GitHubRepositoriesNetworkClient.framework */ = {isa = PBXFileReference; explicitFileType = wrapper.framework; includeInIndex = 0; path = Pods_GitHubRepositoriesNetworkClient.framework; sourceTree = BUILT_PRODUCTS_DIR; };
		D11F1017F714AF8FB8E0732B /* Pods-GitHubRepositoriesApp.release.xcconfig */ = {isa = PBXFileReference; includeInIndex = 1; lastKnownFileType = text.xcconfig; name = "Pods-GitHubRepositoriesApp.release.xcconfig"; path = "Target Support Files/Pods-GitHubRepositoriesApp/Pods-GitHubRepositoriesApp.release.xcconfig"; sourceTree = "<group>"; };
		D3DD1F9D4C2BCD1C95FF0D7E /* Pods_GitHubRepositoriesApp.framework */ = {isa = PBXFileReference; explicitFileType = wrapper.framework; includeInIndex = 0; path = Pods_GitHubRepositoriesApp.framework; sourceTree = BUILT_PRODUCTS_DIR; };
		D70FDB1B2919CD3100BCC62E /* GitHubRepository+CoreDataProperties copy.swift */ = {isa = PBXFileReference; fileEncoding = 4; lastKnownFileType = sourcecode.swift; path = "GitHubRepository+CoreDataProperties copy.swift"; sourceTree = "<group>"; };
		D70FDB1C2919CD3100BCC62E /* GitHubRepository+CoreDataClass copy.swift */ = {isa = PBXFileReference; fileEncoding = 4; lastKnownFileType = sourcecode.swift; path = "GitHubRepository+CoreDataClass copy.swift"; sourceTree = "<group>"; };
		D70FDB1D2919CD3100BCC62E /* Owner+CoreDataClass copy.swift */ = {isa = PBXFileReference; fileEncoding = 4; lastKnownFileType = sourcecode.swift; path = "Owner+CoreDataClass copy.swift"; sourceTree = "<group>"; };
		D70FDB1E2919CD3200BCC62E /* Owner+CoreDataProperties copy.swift */ = {isa = PBXFileReference; fileEncoding = 4; lastKnownFileType = sourcecode.swift; path = "Owner+CoreDataProperties copy.swift"; sourceTree = "<group>"; };
		D70FDB27291A16AE00BCC62E /* ArrayExtension.swift */ = {isa = PBXFileReference; lastKnownFileType = sourcecode.swift; path = ArrayExtension.swift; sourceTree = "<group>"; };
		D799E329291AA2010001A7D6 /* UIApplication+ShareExtension.swift */ = {isa = PBXFileReference; fileEncoding = 4; lastKnownFileType = sourcecode.swift; path = "UIApplication+ShareExtension.swift"; sourceTree = "<group>"; };
		D799E32F291ABFCB0001A7D6 /* GitHubRepositoriesListTest.swift */ = {isa = PBXFileReference; lastKnownFileType = sourcecode.swift; path = GitHubRepositoriesListTest.swift; sourceTree = "<group>"; };
		D799E331291AC0010001A7D6 /* GitHubRepositoriesListPresenter.swift */ = {isa = PBXFileReference; lastKnownFileType = sourcecode.swift; path = GitHubRepositoriesListPresenter.swift; sourceTree = "<group>"; };
		D799E335291AD6A30001A7D6 /* GitHubRepositoriesInteractorTests.swift */ = {isa = PBXFileReference; fileEncoding = 4; lastKnownFileType = sourcecode.swift; path = GitHubRepositoriesInteractorTests.swift; sourceTree = "<group>"; };
		D799E337291ADA970001A7D6 /* GitHubRepositoriesInteractorSpy.swift */ = {isa = PBXFileReference; lastKnownFileType = sourcecode.swift; path = GitHubRepositoriesInteractorSpy.swift; sourceTree = "<group>"; };
		D79E795A291A7B7F000E0B40 /* NetworkError.swift */ = {isa = PBXFileReference; fileEncoding = 4; lastKnownFileType = sourcecode.swift; path = NetworkError.swift; sourceTree = "<group>"; };
		D79E795D291A87AB000E0B40 /* DateExtension.swift */ = {isa = PBXFileReference; lastKnownFileType = sourcecode.swift; path = DateExtension.swift; sourceTree = "<group>"; };
		D79E795F291A8CE7000E0B40 /* GitHubRepositoryDetailsProtocols.swift */ = {isa = PBXFileReference; fileEncoding = 4; lastKnownFileType = sourcecode.swift; path = GitHubRepositoryDetailsProtocols.swift; sourceTree = "<group>"; };
		D79E7961291A8D03000E0B40 /* GitHubRepositoriesDetailsViewController.xib */ = {isa = PBXFileReference; fileEncoding = 4; lastKnownFileType = file.xib; path = GitHubRepositoriesDetailsViewController.xib; sourceTree = "<group>"; };
		D79E7962291A8D03000E0B40 /* GitHubRepositoriesDetailsViewController.swift */ = {isa = PBXFileReference; fileEncoding = 4; lastKnownFileType = sourcecode.swift; path = GitHubRepositoriesDetailsViewController.swift; sourceTree = "<group>"; };
		D79E7965291A8D11000E0B40 /* GithubRepositoryDetailsInteractor.swift */ = {isa = PBXFileReference; fileEncoding = 4; lastKnownFileType = sourcecode.swift; path = GithubRepositoryDetailsInteractor.swift; sourceTree = "<group>"; };
		D79E7967291A8D18000E0B40 /* GitHubRepositoryDetailsPresenter.swift */ = {isa = PBXFileReference; fileEncoding = 4; lastKnownFileType = sourcecode.swift; path = GitHubRepositoryDetailsPresenter.swift; sourceTree = "<group>"; };
		D79E7969291A8D20000E0B40 /* GitHubRepositoryDetailsRouter.swift */ = {isa = PBXFileReference; fileEncoding = 4; lastKnownFileType = sourcecode.swift; path = GitHubRepositoryDetailsRouter.swift; sourceTree = "<group>"; };
		D79E796B291A8E75000E0B40 /* UIApplication+ShareExtension.swift */ = {isa = PBXFileReference; fileEncoding = 4; lastKnownFileType = sourcecode.swift; name = "UIApplication+ShareExtension.swift"; path = "../../../../../RecipeSearchApp/RecipeSearchApp/Support/Extensions/UIKit/UIApplication+ShareExtension.swift"; sourceTree = "<group>"; };
		D79E796D291A93E0000E0B40 /* UIViewControllerExtension.swift */ = {isa = PBXFileReference; lastKnownFileType = sourcecode.swift; path = UIViewControllerExtension.swift; sourceTree = "<group>"; };
		D7F56E1D291969F1000DAD54 /* GitHubRepositoriesNetworkClient.framework */ = {isa = PBXFileReference; explicitFileType = wrapper.framework; includeInIndex = 0; path = GitHubRepositoriesNetworkClient.framework; sourceTree = BUILT_PRODUCTS_DIR; };
		D7F56E1F291969F1000DAD54 /* GitHubRepositoriesNetworkClient.h */ = {isa = PBXFileReference; lastKnownFileType = sourcecode.c.h; path = GitHubRepositoriesNetworkClient.h; sourceTree = "<group>"; };
		D7F56E20291969F1000DAD54 /* GitHubRepositoriesNetworkClient.docc */ = {isa = PBXFileReference; lastKnownFileType = folder.documentationcatalog; path = GitHubRepositoriesNetworkClient.docc; sourceTree = "<group>"; };
		D7F56E2C29196A18000DAD54 /* NetworkDataManager.swift */ = {isa = PBXFileReference; fileEncoding = 4; lastKnownFileType = sourcecode.swift; path = NetworkDataManager.swift; sourceTree = "<group>"; };
		D7F56E3029196A38000DAD54 /* CoreDataModel.xcdatamodel */ = {isa = PBXFileReference; lastKnownFileType = wrapper.xcdatamodel; path = CoreDataModel.xcdatamodel; sourceTree = "<group>"; };
		D7F56E3429196A63000DAD54 /* NetworkClient.swift */ = {isa = PBXFileReference; fileEncoding = 4; lastKnownFileType = sourcecode.swift; path = NetworkClient.swift; sourceTree = "<group>"; };
		D7F6244129186E7300DD4FB7 /* GitHubRepositoriesApp.app */ = {isa = PBXFileReference; explicitFileType = wrapper.application; includeInIndex = 0; path = GitHubRepositoriesApp.app; sourceTree = BUILT_PRODUCTS_DIR; };
		D7F6245029186E7500DD4FB7 /* Base */ = {isa = PBXFileReference; lastKnownFileType = file.storyboard; name = Base; path = Base.lproj/LaunchScreen.storyboard; sourceTree = "<group>"; };
		D7F6245229186E7500DD4FB7 /* Info.plist */ = {isa = PBXFileReference; lastKnownFileType = text.plist.xml; path = Info.plist; sourceTree = "<group>"; };
		D7F6245729186E7500DD4FB7 /* GitHubRepositoriesAppTests.xctest */ = {isa = PBXFileReference; explicitFileType = wrapper.cfbundle; includeInIndex = 0; path = GitHubRepositoriesAppTests.xctest; sourceTree = BUILT_PRODUCTS_DIR; };
		D7F624912918742500DD4FB7 /* SceneDelegate.swift */ = {isa = PBXFileReference; fileEncoding = 4; lastKnownFileType = sourcecode.swift; path = SceneDelegate.swift; sourceTree = "<group>"; };
		D7F624922918742600DD4FB7 /* AppDelegate.swift */ = {isa = PBXFileReference; fileEncoding = 4; lastKnownFileType = sourcecode.swift; path = AppDelegate.swift; sourceTree = "<group>"; };
		D7F6249B291874A100DD4FB7 /* AppConstants.swift */ = {isa = PBXFileReference; fileEncoding = 4; lastKnownFileType = sourcecode.swift; path = AppConstants.swift; sourceTree = "<group>"; };
		D7F6249D291874A800DD4FB7 /* Configuration.swift */ = {isa = PBXFileReference; fileEncoding = 4; lastKnownFileType = sourcecode.swift; path = Configuration.swift; sourceTree = "<group>"; };
		D7F6249F291874B300DD4FB7 /* Assets.xcassets */ = {isa = PBXFileReference; lastKnownFileType = folder.assetcatalog; path = Assets.xcassets; sourceTree = "<group>"; };
		D7F624A1291874C800DD4FB7 /* StringExtension.swift */ = {isa = PBXFileReference; fileEncoding = 4; lastKnownFileType = sourcecode.swift; path = StringExtension.swift; sourceTree = "<group>"; };
		D7F624A3291874D100DD4FB7 /* UIImageViewExtension.swift */ = {isa = PBXFileReference; fileEncoding = 4; lastKnownFileType = sourcecode.swift; path = UIImageViewExtension.swift; sourceTree = "<group>"; };
		D7F624A4291874D100DD4FB7 /* UICollectionView+Register.swift */ = {isa = PBXFileReference; fileEncoding = 4; lastKnownFileType = sourcecode.swift; path = "UICollectionView+Register.swift"; sourceTree = "<group>"; };
		D7F624A5291874D100DD4FB7 /* UITableViewExtension.swift */ = {isa = PBXFileReference; fileEncoding = 4; lastKnownFileType = sourcecode.swift; path = UITableViewExtension.swift; sourceTree = "<group>"; };
		D7F624A6291874D200DD4FB7 /* UITableView+Register.swift */ = {isa = PBXFileReference; fileEncoding = 4; lastKnownFileType = sourcecode.swift; path = "UITableView+Register.swift"; sourceTree = "<group>"; };
		D7F624A7291874D200DD4FB7 /* UICcollectionViewExtension.swift */ = {isa = PBXFileReference; fileEncoding = 4; lastKnownFileType = sourcecode.swift; path = UICcollectionViewExtension.swift; sourceTree = "<group>"; };
		D7F624A8291874D200DD4FB7 /* UIScrollView+SwiftPullToRefersh.swift */ = {isa = PBXFileReference; fileEncoding = 4; lastKnownFileType = sourcecode.swift; path = "UIScrollView+SwiftPullToRefersh.swift"; sourceTree = "<group>"; };
		D7F624AA291874D200DD4FB7 /* UIViewExtension.swift */ = {isa = PBXFileReference; fileEncoding = 4; lastKnownFileType = sourcecode.swift; path = UIViewExtension.swift; sourceTree = "<group>"; };
		D7F624B4291874F100DD4FB7 /* EmptyView.xib */ = {isa = PBXFileReference; fileEncoding = 4; lastKnownFileType = file.xib; path = EmptyView.xib; sourceTree = "<group>"; };
		D7F624B5291874F100DD4FB7 /* EmptyView.swift */ = {isa = PBXFileReference; fileEncoding = 4; lastKnownFileType = sourcecode.swift; path = EmptyView.swift; sourceTree = "<group>"; };
		D7F624C32918766000DD4FB7 /* BaseViewController.swift */ = {isa = PBXFileReference; fileEncoding = 4; lastKnownFileType = sourcecode.swift; path = BaseViewController.swift; sourceTree = "<group>"; };
		D7F624D12918773E00DD4FB7 /* GitHubRepositoriesProtocols.swift */ = {isa = PBXFileReference; fileEncoding = 4; lastKnownFileType = sourcecode.swift; path = GitHubRepositoriesProtocols.swift; sourceTree = "<group>"; };
		D7F624D32918774700DD4FB7 /* GitHubRepositoriesViewController.xib */ = {isa = PBXFileReference; fileEncoding = 4; lastKnownFileType = file.xib; path = GitHubRepositoriesViewController.xib; sourceTree = "<group>"; };
		D7F624D42918774700DD4FB7 /* GitHubRepositoriesViewController.swift */ = {isa = PBXFileReference; fileEncoding = 4; lastKnownFileType = sourcecode.swift; path = GitHubRepositoriesViewController.swift; sourceTree = "<group>"; };
		D7F624D92918775400DD4FB7 /* GitHubRepositoryTableViewCell.xib */ = {isa = PBXFileReference; fileEncoding = 4; lastKnownFileType = file.xib; path = GitHubRepositoryTableViewCell.xib; sourceTree = "<group>"; };
		D7F624DA2918775400DD4FB7 /* GitHubRepositoryTableViewCell.swift */ = {isa = PBXFileReference; fileEncoding = 4; lastKnownFileType = sourcecode.swift; path = GitHubRepositoryTableViewCell.swift; sourceTree = "<group>"; };
		D7F624DF2918777A00DD4FB7 /* GitHubRepositoriesInteractor.swift */ = {isa = PBXFileReference; fileEncoding = 4; lastKnownFileType = sourcecode.swift; path = GitHubRepositoriesInteractor.swift; sourceTree = "<group>"; };
		D7F624E12918778100DD4FB7 /* GitHubRepositoriesPresenter.swift */ = {isa = PBXFileReference; fileEncoding = 4; lastKnownFileType = sourcecode.swift; path = GitHubRepositoriesPresenter.swift; sourceTree = "<group>"; };
		D7F624E32918778700DD4FB7 /* GitHubRepositoriesRouter.swift */ = {isa = PBXFileReference; fileEncoding = 4; lastKnownFileType = sourcecode.swift; path = GitHubRepositoriesRouter.swift; sourceTree = "<group>"; };
		DC9ECEF2CA68BFD41B9CC535 /* Pods-GitHubRepositoriesApp.debug.xcconfig */ = {isa = PBXFileReference; includeInIndex = 1; lastKnownFileType = text.xcconfig; name = "Pods-GitHubRepositoriesApp.debug.xcconfig"; path = "Target Support Files/Pods-GitHubRepositoriesApp/Pods-GitHubRepositoriesApp.debug.xcconfig"; sourceTree = "<group>"; };
		E17BC350BF58CE8E6E90A924 /* Pods-GitHubRepositoriesNetworkClient.release.xcconfig */ = {isa = PBXFileReference; includeInIndex = 1; lastKnownFileType = text.xcconfig; name = "Pods-GitHubRepositoriesNetworkClient.release.xcconfig"; path = "Target Support Files/Pods-GitHubRepositoriesNetworkClient/Pods-GitHubRepositoriesNetworkClient.release.xcconfig"; sourceTree = "<group>"; };
/* End PBXFileReference section */

/* Begin PBXFrameworksBuildPhase section */
		D7F56E1A291969F1000DAD54 /* Frameworks */ = {
			isa = PBXFrameworksBuildPhase;
			buildActionMask = 2147483647;
			files = (
				C037724863381BA0508EF562 /* Pods_GitHubRepositoriesNetworkClient.framework in Frameworks */,
			);
			runOnlyForDeploymentPostprocessing = 0;
		};
		D7F6243E29186E7300DD4FB7 /* Frameworks */ = {
			isa = PBXFrameworksBuildPhase;
			buildActionMask = 2147483647;
			files = (
				D7F56E25291969F1000DAD54 /* GitHubRepositoriesNetworkClient.framework in Frameworks */,
				D9F9095F28E2AF828B0A16AB /* Pods_GitHubRepositoriesApp.framework in Frameworks */,
			);
			runOnlyForDeploymentPostprocessing = 0;
		};
		D7F6245429186E7500DD4FB7 /* Frameworks */ = {
			isa = PBXFrameworksBuildPhase;
			buildActionMask = 2147483647;
			files = (
				583C9DFA1D9B010BB3770A6B /* Pods_GitHubRepositoriesAppTests.framework in Frameworks */,
			);
			runOnlyForDeploymentPostprocessing = 0;
		};
/* End PBXFrameworksBuildPhase section */

/* Begin PBXGroup section */
		176E0A44E4BA20D4E101BED1 /* Frameworks */ = {
			isa = PBXGroup;
			children = (
				D3DD1F9D4C2BCD1C95FF0D7E /* Pods_GitHubRepositoriesApp.framework */,
				A543AF04C8D6D0386EA1F7A6 /* Pods_GitHubRepositoriesApp_GitHubRepositoriesAppUITests.framework */,
				2AE2CE3FE8F9CC937CDB724D /* Pods_GitHubRepositoriesAppTests.framework */,
				B738F6E2D168ECCEFCFEFA2A /* Pods_GitHubRepositoriesNetworkClient.framework */,
			);
			name = Frameworks;
			sourceTree = "<group>";
		};
		D7F56E1E291969F1000DAD54 /* GitHubRepositoriesNetworkClient */ = {
			isa = PBXGroup;
			children = (
				D7F56E2E29196A2A000DAD54 /* Model */,
				D7F56E2B29196A0A000DAD54 /* NetworkManager */,
				D7F56E1F291969F1000DAD54 /* GitHubRepositoriesNetworkClient.h */,
				D7F56E20291969F1000DAD54 /* GitHubRepositoriesNetworkClient.docc */,
			);
			path = GitHubRepositoriesNetworkClient;
			sourceTree = "<group>";
		};
		D7F56E2B29196A0A000DAD54 /* NetworkManager */ = {
			isa = PBXGroup;
			children = (
				D7F56E3429196A63000DAD54 /* NetworkClient.swift */,
				D7F56E2C29196A18000DAD54 /* NetworkDataManager.swift */,
			);
			path = NetworkManager;
			sourceTree = "<group>";
		};
		D7F56E2E29196A2A000DAD54 /* Model */ = {
			isa = PBXGroup;
			children = (
				D7F56E2F29196A38000DAD54 /* CoreDataModel.xcdatamodeld */,
			);
			path = Model;
			sourceTree = "<group>";
		};
		D7F6243829186E7300DD4FB7 = {
			isa = PBXGroup;
			children = (
				D7F6244329186E7300DD4FB7 /* GitHubRepositoriesApp */,
				D7F6245A29186E7500DD4FB7 /* GitHubRepositoriesAppTests */,
				D7F56E1E291969F1000DAD54 /* GitHubRepositoriesNetworkClient */,
				D7F6244229186E7300DD4FB7 /* Products */,
				FB95038F4A3EF642786BE96B /* Pods */,
				176E0A44E4BA20D4E101BED1 /* Frameworks */,
			);
			sourceTree = "<group>";
		};
		D7F6244229186E7300DD4FB7 /* Products */ = {
			isa = PBXGroup;
			children = (
				D7F6244129186E7300DD4FB7 /* GitHubRepositoriesApp.app */,
				D7F6245729186E7500DD4FB7 /* GitHubRepositoriesAppTests.xctest */,
				D7F56E1D291969F1000DAD54 /* GitHubRepositoriesNetworkClient.framework */,
			);
			name = Products;
			sourceTree = "<group>";
		};
		D7F6244329186E7300DD4FB7 /* GitHubRepositoriesApp */ = {
			isa = PBXGroup;
			children = (
				D7F6248B2918735F00DD4FB7 /* AppDelegate */,
				D7F6248C2918736E00DD4FB7 /* Support */,
				D7F6248D2918737D00DD4FB7 /* Utilities */,
				D7F6248F291873B500DD4FB7 /* Entity */,
				D7F62490291873CF00DD4FB7 /* AppModules */,
				D7F6244F29186E7500DD4FB7 /* LaunchScreen.storyboard */,
				D7F6245229186E7500DD4FB7 /* Info.plist */,
			);
			path = GitHubRepositoriesApp;
			sourceTree = "<group>";
		};
		D7F6245A29186E7500DD4FB7 /* GitHubRepositoriesAppTests */ = {
			isa = PBXGroup;
			children = (
				D799E32F291ABFCB0001A7D6 /* GitHubRepositoriesListTest.swift */,
				D799E331291AC0010001A7D6 /* GitHubRepositoriesListPresenter.swift */,
				D799E335291AD6A30001A7D6 /* GitHubRepositoriesInteractorTests.swift */,
				D799E337291ADA970001A7D6 /* GitHubRepositoriesInteractorSpy.swift */,
			);
			path = GitHubRepositoriesAppTests;
			sourceTree = "<group>";
		};
		D7F6248B2918735F00DD4FB7 /* AppDelegate */ = {
			isa = PBXGroup;
			children = (
				D7F624922918742600DD4FB7 /* AppDelegate.swift */,
				D7F624912918742500DD4FB7 /* SceneDelegate.swift */,
			);
			path = AppDelegate;
			sourceTree = "<group>";
		};
		D7F6248C2918736E00DD4FB7 /* Support */ = {
			isa = PBXGroup;
			children = (
				D7F624982918746E00DD4FB7 /* Resources */,
				D7F624972918745F00DD4FB7 /* Extension */,
				D7F624962918745700DD4FB7 /* Configuration */,
				D7F624952918744B00DD4FB7 /* AppConstants */,
			);
			path = Support;
			sourceTree = "<group>";
		};
		D7F6248D2918737D00DD4FB7 /* Utilities */ = {
			isa = PBXGroup;
			children = (
				D7F624B3291874E500DD4FB7 /* EmptyView */,
			);
			path = Utilities;
			sourceTree = "<group>";
		};
		D7F6248F291873B500DD4FB7 /* Entity */ = {
			isa = PBXGroup;
			children = (
				D79E795A291A7B7F000E0B40 /* NetworkError.swift */,
				D70FDB1B2919CD3100BCC62E /* GitHubRepository+CoreDataProperties copy.swift */,
				D70FDB1C2919CD3100BCC62E /* GitHubRepository+CoreDataClass copy.swift */,
				D70FDB1D2919CD3100BCC62E /* Owner+CoreDataClass copy.swift */,
				D70FDB1E2919CD3200BCC62E /* Owner+CoreDataProperties copy.swift */,
			);
			path = Entity;
			sourceTree = "<group>";
		};
		D7F62490291873CF00DD4FB7 /* AppModules */ = {
			isa = PBXGroup;
			children = (
				D7F624C22918765500DD4FB7 /* Base */,
				D7F624C12918760900DD4FB7 /* GitHubRepositoriesModule */,
				D7F624C02918760600DD4FB7 /* GitHubRepositoryDetailsModule */,
			);
			path = AppModules;
			sourceTree = "<group>";
		};
		D7F624952918744B00DD4FB7 /* AppConstants */ = {
			isa = PBXGroup;
			children = (
				D7F6249B291874A100DD4FB7 /* AppConstants.swift */,
			);
			path = AppConstants;
			sourceTree = "<group>";
		};
		D7F624962918745700DD4FB7 /* Configuration */ = {
			isa = PBXGroup;
			children = (
				D7F6249D291874A800DD4FB7 /* Configuration.swift */,
			);
			path = Configuration;
			sourceTree = "<group>";
		};
		D7F624972918745F00DD4FB7 /* Extension */ = {
			isa = PBXGroup;
			children = (
				D7F6249A2918748C00DD4FB7 /* Foundation */,
				D7F624992918747C00DD4FB7 /* UIKit */,
			);
			path = Extension;
			sourceTree = "<group>";
		};
		D7F624982918746E00DD4FB7 /* Resources */ = {
			isa = PBXGroup;
			children = (
				D7F6249F291874B300DD4FB7 /* Assets.xcassets */,
			);
			path = Resources;
			sourceTree = "<group>";
		};
		D7F624992918747C00DD4FB7 /* UIKit */ = {
			isa = PBXGroup;
			children = (
				D7F624A7291874D200DD4FB7 /* UICcollectionViewExtension.swift */,
				D7F624A4291874D100DD4FB7 /* UICollectionView+Register.swift */,
				D7F624A3291874D100DD4FB7 /* UIImageViewExtension.swift */,
				D7F624A8291874D200DD4FB7 /* UIScrollView+SwiftPullToRefersh.swift */,
				D7F624A6291874D200DD4FB7 /* UITableView+Register.swift */,
				D7F624A5291874D100DD4FB7 /* UITableViewExtension.swift */,
				D79E796B291A8E75000E0B40 /* UIApplication+ShareExtension.swift */,
				D7F624AA291874D200DD4FB7 /* UIViewExtension.swift */,
				D79E796D291A93E0000E0B40 /* UIViewControllerExtension.swift */,
				D799E329291AA2010001A7D6 /* UIApplication+ShareExtension.swift */,
			);
			path = UIKit;
			sourceTree = "<group>";
		};
		D7F6249A2918748C00DD4FB7 /* Foundation */ = {
			isa = PBXGroup;
			children = (
				D7F624A1291874C800DD4FB7 /* StringExtension.swift */,
				D70FDB27291A16AE00BCC62E /* ArrayExtension.swift */,
				D79E795D291A87AB000E0B40 /* DateExtension.swift */,
			);
			path = Foundation;
			sourceTree = "<group>";
		};
		D7F624B3291874E500DD4FB7 /* EmptyView */ = {
			isa = PBXGroup;
			children = (
				D7F624B5291874F100DD4FB7 /* EmptyView.swift */,
				D7F624B4291874F100DD4FB7 /* EmptyView.xib */,
			);
			path = EmptyView;
			sourceTree = "<group>";
		};
		D7F624C02918760600DD4FB7 /* GitHubRepositoryDetailsModule */ = {
			isa = PBXGroup;
			children = (
				D7F624CF2918770C00DD4FB7 /* Router */,
				D7F624CE291876F300DD4FB7 /* Presenter */,
				D7F624CD291876E500DD4FB7 /* Interactor */,
				D7F624CC291876DB00DD4FB7 /* View */,
				D7F624CB291876D400DD4FB7 /* Protocols */,
			);
			path = GitHubRepositoryDetailsModule;
			sourceTree = "<group>";
		};
		D7F624C12918760900DD4FB7 /* GitHubRepositoriesModule */ = {
			isa = PBXGroup;
			children = (
				D7F624C92918769500DD4FB7 /* Router */,
				D7F624C82918768C00DD4FB7 /* Presenter */,
				D7F624C72918768500DD4FB7 /* Interactor */,
				D7F624C62918767D00DD4FB7 /* View */,
				D7F624C52918767100DD4FB7 /* Protocols */,
			);
			path = GitHubRepositoriesModule;
			sourceTree = "<group>";
		};
		D7F624C22918765500DD4FB7 /* Base */ = {
			isa = PBXGroup;
			children = (
				D7F624C32918766000DD4FB7 /* BaseViewController.swift */,
			);
			path = Base;
			sourceTree = "<group>";
		};
		D7F624C52918767100DD4FB7 /* Protocols */ = {
			isa = PBXGroup;
			children = (
				D7F624D12918773E00DD4FB7 /* GitHubRepositoriesProtocols.swift */,
			);
			path = Protocols;
			sourceTree = "<group>";
		};
		D7F624C62918767D00DD4FB7 /* View */ = {
			isa = PBXGroup;
			children = (
				D7F624D42918774700DD4FB7 /* GitHubRepositoriesViewController.swift */,
				D7F624D32918774700DD4FB7 /* GitHubRepositoriesViewController.xib */,
				D7F624CA291876BA00DD4FB7 /* Cells */,
			);
			path = View;
			sourceTree = "<group>";
		};
		D7F624C72918768500DD4FB7 /* Interactor */ = {
			isa = PBXGroup;
			children = (
				D7F624DF2918777A00DD4FB7 /* GitHubRepositoriesInteractor.swift */,
			);
			path = Interactor;
			sourceTree = "<group>";
		};
		D7F624C82918768C00DD4FB7 /* Presenter */ = {
			isa = PBXGroup;
			children = (
				D7F624E12918778100DD4FB7 /* GitHubRepositoriesPresenter.swift */,
			);
			path = Presenter;
			sourceTree = "<group>";
		};
		D7F624C92918769500DD4FB7 /* Router */ = {
			isa = PBXGroup;
			children = (
				D7F624E32918778700DD4FB7 /* GitHubRepositoriesRouter.swift */,
			);
			path = Router;
			sourceTree = "<group>";
		};
		D7F624CA291876BA00DD4FB7 /* Cells */ = {
			isa = PBXGroup;
			children = (
				D7F624DA2918775400DD4FB7 /* GitHubRepositoryTableViewCell.swift */,
				D7F624D92918775400DD4FB7 /* GitHubRepositoryTableViewCell.xib */,
			);
			path = Cells;
			sourceTree = "<group>";
		};
		D7F624CB291876D400DD4FB7 /* Protocols */ = {
			isa = PBXGroup;
			children = (
				D79E795F291A8CE7000E0B40 /* GitHubRepositoryDetailsProtocols.swift */,
			);
			path = Protocols;
			sourceTree = "<group>";
		};
		D7F624CC291876DB00DD4FB7 /* View */ = {
			isa = PBXGroup;
			children = (
				D79E7962291A8D03000E0B40 /* GitHubRepositoriesDetailsViewController.swift */,
				D79E7961291A8D03000E0B40 /* GitHubRepositoriesDetailsViewController.xib */,
			);
			path = View;
			sourceTree = "<group>";
		};
		D7F624CD291876E500DD4FB7 /* Interactor */ = {
			isa = PBXGroup;
			children = (
				D79E7965291A8D11000E0B40 /* GithubRepositoryDetailsInteractor.swift */,
			);
			path = Interactor;
			sourceTree = "<group>";
		};
		D7F624CE291876F300DD4FB7 /* Presenter */ = {
			isa = PBXGroup;
			children = (
				D79E7967291A8D18000E0B40 /* GitHubRepositoryDetailsPresenter.swift */,
			);
			path = Presenter;
			sourceTree = "<group>";
		};
		D7F624CF2918770C00DD4FB7 /* Router */ = {
			isa = PBXGroup;
			children = (
				D79E7969291A8D20000E0B40 /* GitHubRepositoryDetailsRouter.swift */,
			);
			path = Router;
			sourceTree = "<group>";
		};
		FB95038F4A3EF642786BE96B /* Pods */ = {
			isa = PBXGroup;
			children = (
				DC9ECEF2CA68BFD41B9CC535 /* Pods-GitHubRepositoriesApp.debug.xcconfig */,
				D11F1017F714AF8FB8E0732B /* Pods-GitHubRepositoriesApp.release.xcconfig */,
				01554C606E74059426CBFEAD /* Pods-GitHubRepositoriesApp-GitHubRepositoriesAppUITests.debug.xcconfig */,
				67708EC4BB452A597E53B476 /* Pods-GitHubRepositoriesApp-GitHubRepositoriesAppUITests.release.xcconfig */,
				0BA9290F4BC825322D66CA37 /* Pods-GitHubRepositoriesAppTests.debug.xcconfig */,
				ABF44AFE8962104BA86259DC /* Pods-GitHubRepositoriesAppTests.release.xcconfig */,
				AF320FDC83DFFDA9ACD1F36A /* Pods-GitHubRepositoriesNetworkClient.debug.xcconfig */,
				E17BC350BF58CE8E6E90A924 /* Pods-GitHubRepositoriesNetworkClient.release.xcconfig */,
			);
			path = Pods;
			sourceTree = "<group>";
		};
/* End PBXGroup section */

/* Begin PBXHeadersBuildPhase section */
		D7F56E18291969F1000DAD54 /* Headers */ = {
			isa = PBXHeadersBuildPhase;
			buildActionMask = 2147483647;
			files = (
				D7F56E22291969F1000DAD54 /* GitHubRepositoriesNetworkClient.h in Headers */,
			);
			runOnlyForDeploymentPostprocessing = 0;
		};
/* End PBXHeadersBuildPhase section */

/* Begin PBXNativeTarget section */
		D7F56E1C291969F1000DAD54 /* GitHubRepositoriesNetworkClient */ = {
			isa = PBXNativeTarget;
			buildConfigurationList = D7F56E27291969F1000DAD54 /* Build configuration list for PBXNativeTarget "GitHubRepositoriesNetworkClient" */;
			buildPhases = (
				1E8E39F2511FA00AED9546AE /* [CP] Check Pods Manifest.lock */,
				D7F56E18291969F1000DAD54 /* Headers */,
				D7F56E19291969F1000DAD54 /* Sources */,
				D7F56E1A291969F1000DAD54 /* Frameworks */,
				D7F56E1B291969F1000DAD54 /* Resources */,
			);
			buildRules = (
			);
			dependencies = (
			);
			name = GitHubRepositoriesNetworkClient;
			productName = GitHubRepositoriesNetworkClient;
			productReference = D7F56E1D291969F1000DAD54 /* GitHubRepositoriesNetworkClient.framework */;
			productType = "com.apple.product-type.framework";
		};
		D7F6244029186E7300DD4FB7 /* GitHubRepositoriesApp */ = {
			isa = PBXNativeTarget;
			buildConfigurationList = D7F6246B29186E7500DD4FB7 /* Build configuration list for PBXNativeTarget "GitHubRepositoriesApp" */;
			buildPhases = (
				8975BA54DD88E4F216A776DC /* [CP] Check Pods Manifest.lock */,
				D7F6243D29186E7300DD4FB7 /* Sources */,
				D7F6243E29186E7300DD4FB7 /* Frameworks */,
				D7F6243F29186E7300DD4FB7 /* Resources */,
				D7F56E2A291969F1000DAD54 /* Embed Frameworks */,
				7D08693946CF06E1D4913266 /* [CP] Embed Pods Frameworks */,
			);
			buildRules = (
			);
			dependencies = (
				D7F56E24291969F1000DAD54 /* PBXTargetDependency */,
			);
			name = GitHubRepositoriesApp;
			productName = GitHubRepositoriesApp;
			productReference = D7F6244129186E7300DD4FB7 /* GitHubRepositoriesApp.app */;
			productType = "com.apple.product-type.application";
		};
		D7F6245629186E7500DD4FB7 /* GitHubRepositoriesAppTests */ = {
			isa = PBXNativeTarget;
			buildConfigurationList = D7F6246E29186E7500DD4FB7 /* Build configuration list for PBXNativeTarget "GitHubRepositoriesAppTests" */;
			buildPhases = (
				E0DBCF59305A1E12464B36DF /* [CP] Check Pods Manifest.lock */,
				D7F6245329186E7500DD4FB7 /* Sources */,
				D7F6245429186E7500DD4FB7 /* Frameworks */,
				D7F6245529186E7500DD4FB7 /* Resources */,
			);
			buildRules = (
			);
			dependencies = (
				D7F6245929186E7500DD4FB7 /* PBXTargetDependency */,
			);
			name = GitHubRepositoriesAppTests;
			productName = GitHubRepositoriesAppTests;
			productReference = D7F6245729186E7500DD4FB7 /* GitHubRepositoriesAppTests.xctest */;
			productType = "com.apple.product-type.bundle.unit-test";
		};
/* End PBXNativeTarget section */

/* Begin PBXProject section */
		D7F6243929186E7300DD4FB7 /* Project object */ = {
			isa = PBXProject;
			attributes = {
				BuildIndependentTargetsInParallel = 1;
				LastSwiftUpdateCheck = 1330;
				LastUpgradeCheck = 1330;
				TargetAttributes = {
					D7F56E1C291969F1000DAD54 = {
						CreatedOnToolsVersion = 13.3;
					};
					D7F6244029186E7300DD4FB7 = {
						CreatedOnToolsVersion = 13.3;
						LastSwiftMigration = 1330;
					};
					D7F6245629186E7500DD4FB7 = {
						CreatedOnToolsVersion = 13.3;
						LastSwiftMigration = 1330;
						TestTargetID = D7F6244029186E7300DD4FB7;
					};
				};
			};
			buildConfigurationList = D7F6243C29186E7300DD4FB7 /* Build configuration list for PBXProject "GitHubRepositoriesApp" */;
			compatibilityVersion = "Xcode 13.0";
			developmentRegion = en;
			hasScannedForEncodings = 0;
			knownRegions = (
				en,
				Base,
			);
			mainGroup = D7F6243829186E7300DD4FB7;
			productRefGroup = D7F6244229186E7300DD4FB7 /* Products */;
			projectDirPath = "";
			projectRoot = "";
			targets = (
				D7F6244029186E7300DD4FB7 /* GitHubRepositoriesApp */,
				D7F6245629186E7500DD4FB7 /* GitHubRepositoriesAppTests */,
				D7F56E1C291969F1000DAD54 /* GitHubRepositoriesNetworkClient */,
			);
		};
/* End PBXProject section */

/* Begin PBXResourcesBuildPhase section */
		D7F56E1B291969F1000DAD54 /* Resources */ = {
			isa = PBXResourcesBuildPhase;
			buildActionMask = 2147483647;
			files = (
			);
			runOnlyForDeploymentPostprocessing = 0;
		};
		D7F6243F29186E7300DD4FB7 /* Resources */ = {
			isa = PBXResourcesBuildPhase;
			buildActionMask = 2147483647;
			files = (
				D7F624D52918774700DD4FB7 /* GitHubRepositoriesViewController.xib in Resources */,
				D79E7963291A8D03000E0B40 /* GitHubRepositoriesDetailsViewController.xib in Resources */,
				D7F624A0291874B300DD4FB7 /* Assets.xcassets in Resources */,
				D7F6245129186E7500DD4FB7 /* LaunchScreen.storyboard in Resources */,
				D7F624B6291874F100DD4FB7 /* EmptyView.xib in Resources */,
				D7F624DD2918775400DD4FB7 /* GitHubRepositoryTableViewCell.xib in Resources */,
			);
			runOnlyForDeploymentPostprocessing = 0;
		};
		D7F6245529186E7500DD4FB7 /* Resources */ = {
			isa = PBXResourcesBuildPhase;
			buildActionMask = 2147483647;
			files = (
			);
			runOnlyForDeploymentPostprocessing = 0;
		};
/* End PBXResourcesBuildPhase section */

/* Begin PBXShellScriptBuildPhase section */
		1E8E39F2511FA00AED9546AE /* [CP] Check Pods Manifest.lock */ = {
			isa = PBXShellScriptBuildPhase;
			buildActionMask = 2147483647;
			files = (
			);
			inputFileListPaths = (
			);
			inputPaths = (
				"${PODS_PODFILE_DIR_PATH}/Podfile.lock",
				"${PODS_ROOT}/Manifest.lock",
			);
			name = "[CP] Check Pods Manifest.lock";
			outputFileListPaths = (
			);
			outputPaths = (
				"$(DERIVED_FILE_DIR)/Pods-GitHubRepositoriesNetworkClient-checkManifestLockResult.txt",
			);
			runOnlyForDeploymentPostprocessing = 0;
			shellPath = /bin/sh;
			shellScript = "diff \"${PODS_PODFILE_DIR_PATH}/Podfile.lock\" \"${PODS_ROOT}/Manifest.lock\" > /dev/null\nif [ $? != 0 ] ; then\n    # print error to STDERR\n    echo \"error: The sandbox is not in sync with the Podfile.lock. Run 'pod install' or update your CocoaPods installation.\" >&2\n    exit 1\nfi\n# This output is used by Xcode 'outputs' to avoid re-running this script phase.\necho \"SUCCESS\" > \"${SCRIPT_OUTPUT_FILE_0}\"\n";
			showEnvVarsInLog = 0;
		};
		7D08693946CF06E1D4913266 /* [CP] Embed Pods Frameworks */ = {
			isa = PBXShellScriptBuildPhase;
			buildActionMask = 2147483647;
			files = (
			);
			inputFileListPaths = (
				"${PODS_ROOT}/Target Support Files/Pods-GitHubRepositoriesApp/Pods-GitHubRepositoriesApp-frameworks-${CONFIGURATION}-input-files.xcfilelist",
			);
			name = "[CP] Embed Pods Frameworks";
			outputFileListPaths = (
				"${PODS_ROOT}/Target Support Files/Pods-GitHubRepositoriesApp/Pods-GitHubRepositoriesApp-frameworks-${CONFIGURATION}-output-files.xcfilelist",
			);
			runOnlyForDeploymentPostprocessing = 0;
			shellPath = /bin/sh;
			shellScript = "\"${PODS_ROOT}/Target Support Files/Pods-GitHubRepositoriesApp/Pods-GitHubRepositoriesApp-frameworks.sh\"\n";
			showEnvVarsInLog = 0;
		};
		8975BA54DD88E4F216A776DC /* [CP] Check Pods Manifest.lock */ = {
			isa = PBXShellScriptBuildPhase;
			buildActionMask = 2147483647;
			files = (
			);
			inputFileListPaths = (
			);
			inputPaths = (
				"${PODS_PODFILE_DIR_PATH}/Podfile.lock",
				"${PODS_ROOT}/Manifest.lock",
			);
			name = "[CP] Check Pods Manifest.lock";
			outputFileListPaths = (
			);
			outputPaths = (
				"$(DERIVED_FILE_DIR)/Pods-GitHubRepositoriesApp-checkManifestLockResult.txt",
			);
			runOnlyForDeploymentPostprocessing = 0;
			shellPath = /bin/sh;
			shellScript = "diff \"${PODS_PODFILE_DIR_PATH}/Podfile.lock\" \"${PODS_ROOT}/Manifest.lock\" > /dev/null\nif [ $? != 0 ] ; then\n    # print error to STDERR\n    echo \"error: The sandbox is not in sync with the Podfile.lock. Run 'pod install' or update your CocoaPods installation.\" >&2\n    exit 1\nfi\n# This output is used by Xcode 'outputs' to avoid re-running this script phase.\necho \"SUCCESS\" > \"${SCRIPT_OUTPUT_FILE_0}\"\n";
			showEnvVarsInLog = 0;
		};
		E0DBCF59305A1E12464B36DF /* [CP] Check Pods Manifest.lock */ = {
			isa = PBXShellScriptBuildPhase;
			buildActionMask = 2147483647;
			files = (
			);
			inputFileListPaths = (
			);
			inputPaths = (
				"${PODS_PODFILE_DIR_PATH}/Podfile.lock",
				"${PODS_ROOT}/Manifest.lock",
			);
			name = "[CP] Check Pods Manifest.lock";
			outputFileListPaths = (
			);
			outputPaths = (
				"$(DERIVED_FILE_DIR)/Pods-GitHubRepositoriesAppTests-checkManifestLockResult.txt",
			);
			runOnlyForDeploymentPostprocessing = 0;
			shellPath = /bin/sh;
			shellScript = "diff \"${PODS_PODFILE_DIR_PATH}/Podfile.lock\" \"${PODS_ROOT}/Manifest.lock\" > /dev/null\nif [ $? != 0 ] ; then\n    # print error to STDERR\n    echo \"error: The sandbox is not in sync with the Podfile.lock. Run 'pod install' or update your CocoaPods installation.\" >&2\n    exit 1\nfi\n# This output is used by Xcode 'outputs' to avoid re-running this script phase.\necho \"SUCCESS\" > \"${SCRIPT_OUTPUT_FILE_0}\"\n";
			showEnvVarsInLog = 0;
		};
/* End PBXShellScriptBuildPhase section */

/* Begin PBXSourcesBuildPhase section */
		D7F56E19291969F1000DAD54 /* Sources */ = {
			isa = PBXSourcesBuildPhase;
			buildActionMask = 2147483647;
			files = (
				D7F56E2D29196A18000DAD54 /* NetworkDataManager.swift in Sources */,
				D70FDB242919D02100BCC62E /* GitHubRepository+CoreDataProperties copy.swift in Sources */,
				D70FDB252919D02400BCC62E /* Owner+CoreDataClass copy.swift in Sources */,
				D7F56E3529196A63000DAD54 /* NetworkClient.swift in Sources */,
				D70FDB262919D02700BCC62E /* Owner+CoreDataProperties copy.swift in Sources */,
				D7F56E21291969F1000DAD54 /* GitHubRepositoriesNetworkClient.docc in Sources */,
				D70FDB232919D01B00BCC62E /* GitHubRepository+CoreDataClass copy.swift in Sources */,
				D79E795C291A7BBA000E0B40 /* NetworkError.swift in Sources */,
				D7F56E3229196A38000DAD54 /* CoreDataModel.xcdatamodeld in Sources */,
			);
			runOnlyForDeploymentPostprocessing = 0;
		};
		D7F6243D29186E7300DD4FB7 /* Sources */ = {
			isa = PBXSourcesBuildPhase;
			buildActionMask = 2147483647;
			files = (
				D7F624B0291874D200DD4FB7 /* UIScrollView+SwiftPullToRefersh.swift in Sources */,
				D79E7968291A8D18000E0B40 /* GitHubRepositoryDetailsPresenter.swift in Sources */,
				D79E795E291A87AB000E0B40 /* DateExtension.swift in Sources */,
				D79E795B291A7B7F000E0B40 /* NetworkError.swift in Sources */,
				D70FDB202919CD3200BCC62E /* GitHubRepository+CoreDataClass copy.swift in Sources */,
				D7F624AE291874D200DD4FB7 /* UITableView+Register.swift in Sources */,
				D7F624942918742600DD4FB7 /* AppDelegate.swift in Sources */,
				D7F624DE2918775400DD4FB7 /* GitHubRepositoryTableViewCell.swift in Sources */,
				D7F6249C291874A100DD4FB7 /* AppConstants.swift in Sources */,
				D7F624AB291874D200DD4FB7 /* UIImageViewExtension.swift in Sources */,
				D7F624C42918766000DD4FB7 /* BaseViewController.swift in Sources */,
				D79E7964291A8D03000E0B40 /* GitHubRepositoriesDetailsViewController.swift in Sources */,
				D7F624AF291874D200DD4FB7 /* UICcollectionViewExtension.swift in Sources */,
				D7F624AD291874D200DD4FB7 /* UITableViewExtension.swift in Sources */,
				D7F624A2291874C800DD4FB7 /* StringExtension.swift in Sources */,
				D70FDB1F2919CD3200BCC62E /* GitHubRepository+CoreDataProperties copy.swift in Sources */,
				D70FDB222919CD3200BCC62E /* Owner+CoreDataProperties copy.swift in Sources */,
				D79E7960291A8CE7000E0B40 /* GitHubRepositoryDetailsProtocols.swift in Sources */,
				D7F624AC291874D200DD4FB7 /* UICollectionView+Register.swift in Sources */,
				D7F624E22918778100DD4FB7 /* GitHubRepositoriesPresenter.swift in Sources */,
				D79E796A291A8D20000E0B40 /* GitHubRepositoryDetailsRouter.swift in Sources */,
				D7F624D22918773E00DD4FB7 /* GitHubRepositoriesProtocols.swift in Sources */,
				D79E796E291A93E0000E0B40 /* UIViewControllerExtension.swift in Sources */,
				D79E7966291A8D11000E0B40 /* GithubRepositoryDetailsInteractor.swift in Sources */,
				D7F624E42918778700DD4FB7 /* GitHubRepositoriesRouter.swift in Sources */,
				D70FDB212919CD3200BCC62E /* Owner+CoreDataClass copy.swift in Sources */,
				D799E32A291AA2010001A7D6 /* UIApplication+ShareExtension.swift in Sources */,
				D7F624B2291874D200DD4FB7 /* UIViewExtension.swift in Sources */,
				D7F624B7291874F100DD4FB7 /* EmptyView.swift in Sources */,
				D7F624D62918774700DD4FB7 /* GitHubRepositoriesViewController.swift in Sources */,
				D7F624E02918777A00DD4FB7 /* GitHubRepositoriesInteractor.swift in Sources */,
				D70FDB28291A16AE00BCC62E /* ArrayExtension.swift in Sources */,
				D7F6249E291874A800DD4FB7 /* Configuration.swift in Sources */,
				D7F624932918742600DD4FB7 /* SceneDelegate.swift in Sources */,
			);
			runOnlyForDeploymentPostprocessing = 0;
		};
		D7F6245329186E7500DD4FB7 /* Sources */ = {
			isa = PBXSourcesBuildPhase;
			buildActionMask = 2147483647;
			files = (
				D799E330291ABFCB0001A7D6 /* GitHubRepositoriesListTest.swift in Sources */,
				D799E332291AC0010001A7D6 /* GitHubRepositoriesListPresenter.swift in Sources */,
				D799E338291ADA970001A7D6 /* GitHubRepositoriesInteractorSpy.swift in Sources */,
				D799E336291AD6A30001A7D6 /* GitHubRepositoriesInteractorTests.swift in Sources */,
			);
			runOnlyForDeploymentPostprocessing = 0;
		};
/* End PBXSourcesBuildPhase section */

/* Begin PBXTargetDependency section */
		D7F56E24291969F1000DAD54 /* PBXTargetDependency */ = {
			isa = PBXTargetDependency;
			target = D7F56E1C291969F1000DAD54 /* GitHubRepositoriesNetworkClient */;
			targetProxy = D7F56E23291969F1000DAD54 /* PBXContainerItemProxy */;
		};
		D7F6245929186E7500DD4FB7 /* PBXTargetDependency */ = {
			isa = PBXTargetDependency;
			target = D7F6244029186E7300DD4FB7 /* GitHubRepositoriesApp */;
			targetProxy = D7F6245829186E7500DD4FB7 /* PBXContainerItemProxy */;
		};
/* End PBXTargetDependency section */

/* Begin PBXVariantGroup section */
		D7F6244F29186E7500DD4FB7 /* LaunchScreen.storyboard */ = {
			isa = PBXVariantGroup;
			children = (
				D7F6245029186E7500DD4FB7 /* Base */,
			);
			name = LaunchScreen.storyboard;
			sourceTree = "<group>";
		};
/* End PBXVariantGroup section */

/* Begin XCBuildConfiguration section */
		D7F56E28291969F1000DAD54 /* Debug */ = {
			isa = XCBuildConfiguration;
			baseConfigurationReference = AF320FDC83DFFDA9ACD1F36A /* Pods-GitHubRepositoriesNetworkClient.debug.xcconfig */;
			buildSettings = {
				CODE_SIGN_STYLE = Automatic;
				CURRENT_PROJECT_VERSION = 1;
				DEFINES_MODULE = YES;
				DEVELOPMENT_TEAM = XX5A8FHGCD;
				DYLIB_COMPATIBILITY_VERSION = 1;
				DYLIB_CURRENT_VERSION = 1;
				DYLIB_INSTALL_NAME_BASE = "@rpath";
				GENERATE_INFOPLIST_FILE = YES;
				INFOPLIST_KEY_NSHumanReadableCopyright = "";
				INSTALL_PATH = "$(LOCAL_LIBRARY_DIR)/Frameworks";
				LD_RUNPATH_SEARCH_PATHS = (
					"$(inherited)",
					"@executable_path/Frameworks",
					"@loader_path/Frameworks",
				);
				MARKETING_VERSION = 1.0;
				PRODUCT_BUNDLE_IDENTIFIER = com.Robusta.GitHubRepositoriesNetworkClient;
				PRODUCT_NAME = "$(TARGET_NAME:c99extidentifier)";
				SKIP_INSTALL = YES;
				SWIFT_EMIT_LOC_STRINGS = YES;
				SWIFT_VERSION = 5.0;
				TARGETED_DEVICE_FAMILY = "1,2";
				VERSIONING_SYSTEM = "apple-generic";
				VERSION_INFO_PREFIX = "";
			};
			name = Debug;
		};
		D7F56E29291969F1000DAD54 /* Release */ = {
			isa = XCBuildConfiguration;
			baseConfigurationReference = E17BC350BF58CE8E6E90A924 /* Pods-GitHubRepositoriesNetworkClient.release.xcconfig */;
			buildSettings = {
				CODE_SIGN_STYLE = Automatic;
				CURRENT_PROJECT_VERSION = 1;
				DEFINES_MODULE = YES;
				DEVELOPMENT_TEAM = XX5A8FHGCD;
				DYLIB_COMPATIBILITY_VERSION = 1;
				DYLIB_CURRENT_VERSION = 1;
				DYLIB_INSTALL_NAME_BASE = "@rpath";
				GENERATE_INFOPLIST_FILE = YES;
				INFOPLIST_KEY_NSHumanReadableCopyright = "";
				INSTALL_PATH = "$(LOCAL_LIBRARY_DIR)/Frameworks";
				LD_RUNPATH_SEARCH_PATHS = (
					"$(inherited)",
					"@executable_path/Frameworks",
					"@loader_path/Frameworks",
				);
				MARKETING_VERSION = 1.0;
				PRODUCT_BUNDLE_IDENTIFIER = com.Robusta.GitHubRepositoriesNetworkClient;
				PRODUCT_NAME = "$(TARGET_NAME:c99extidentifier)";
				SKIP_INSTALL = YES;
				SWIFT_EMIT_LOC_STRINGS = YES;
				SWIFT_VERSION = 5.0;
				TARGETED_DEVICE_FAMILY = "1,2";
				VERSIONING_SYSTEM = "apple-generic";
				VERSION_INFO_PREFIX = "";
			};
			name = Release;
		};
		D7F6246929186E7500DD4FB7 /* Debug */ = {
			isa = XCBuildConfiguration;
			buildSettings = {
				ALWAYS_SEARCH_USER_PATHS = NO;
				CLANG_ANALYZER_NONNULL = YES;
				CLANG_ANALYZER_NUMBER_OBJECT_CONVERSION = YES_AGGRESSIVE;
				CLANG_CXX_LANGUAGE_STANDARD = "gnu++17";
				CLANG_ENABLE_MODULES = YES;
				CLANG_ENABLE_OBJC_ARC = YES;
				CLANG_ENABLE_OBJC_WEAK = YES;
				CLANG_WARN_BLOCK_CAPTURE_AUTORELEASING = YES;
				CLANG_WARN_BOOL_CONVERSION = YES;
				CLANG_WARN_COMMA = YES;
				CLANG_WARN_CONSTANT_CONVERSION = YES;
				CLANG_WARN_DEPRECATED_OBJC_IMPLEMENTATIONS = YES;
				CLANG_WARN_DIRECT_OBJC_ISA_USAGE = YES_ERROR;
				CLANG_WARN_DOCUMENTATION_COMMENTS = YES;
				CLANG_WARN_EMPTY_BODY = YES;
				CLANG_WARN_ENUM_CONVERSION = YES;
				CLANG_WARN_INFINITE_RECURSION = YES;
				CLANG_WARN_INT_CONVERSION = YES;
				CLANG_WARN_NON_LITERAL_NULL_CONVERSION = YES;
				CLANG_WARN_OBJC_IMPLICIT_RETAIN_SELF = YES;
				CLANG_WARN_OBJC_LITERAL_CONVERSION = YES;
				CLANG_WARN_OBJC_ROOT_CLASS = YES_ERROR;
				CLANG_WARN_QUOTED_INCLUDE_IN_FRAMEWORK_HEADER = YES;
				CLANG_WARN_RANGE_LOOP_ANALYSIS = YES;
				CLANG_WARN_STRICT_PROTOTYPES = YES;
				CLANG_WARN_SUSPICIOUS_MOVE = YES;
				CLANG_WARN_UNGUARDED_AVAILABILITY = YES_AGGRESSIVE;
				CLANG_WARN_UNREACHABLE_CODE = YES;
				CLANG_WARN__DUPLICATE_METHOD_MATCH = YES;
				COPY_PHASE_STRIP = NO;
				DEBUG_INFORMATION_FORMAT = dwarf;
				ENABLE_STRICT_OBJC_MSGSEND = YES;
				ENABLE_TESTABILITY = YES;
				GCC_C_LANGUAGE_STANDARD = gnu11;
				GCC_DYNAMIC_NO_PIC = NO;
				GCC_NO_COMMON_BLOCKS = YES;
				GCC_OPTIMIZATION_LEVEL = 0;
				GCC_PREPROCESSOR_DEFINITIONS = (
					"DEBUG=1",
					"$(inherited)",
				);
				GCC_WARN_64_TO_32_BIT_CONVERSION = YES;
				GCC_WARN_ABOUT_RETURN_TYPE = YES_ERROR;
				GCC_WARN_UNDECLARED_SELECTOR = YES;
				GCC_WARN_UNINITIALIZED_AUTOS = YES_AGGRESSIVE;
				GCC_WARN_UNUSED_FUNCTION = YES;
				GCC_WARN_UNUSED_VARIABLE = YES;
				IPHONEOS_DEPLOYMENT_TARGET = 15.4;
				MTL_ENABLE_DEBUG_INFO = INCLUDE_SOURCE;
				MTL_FAST_MATH = YES;
				ONLY_ACTIVE_ARCH = YES;
				SDKROOT = iphoneos;
				SWIFT_ACTIVE_COMPILATION_CONDITIONS = DEBUG;
				SWIFT_OPTIMIZATION_LEVEL = "-Onone";
			};
			name = Debug;
		};
		D7F6246A29186E7500DD4FB7 /* Release */ = {
			isa = XCBuildConfiguration;
			buildSettings = {
				ALWAYS_SEARCH_USER_PATHS = NO;
				CLANG_ANALYZER_NONNULL = YES;
				CLANG_ANALYZER_NUMBER_OBJECT_CONVERSION = YES_AGGRESSIVE;
				CLANG_CXX_LANGUAGE_STANDARD = "gnu++17";
				CLANG_ENABLE_MODULES = YES;
				CLANG_ENABLE_OBJC_ARC = YES;
				CLANG_ENABLE_OBJC_WEAK = YES;
				CLANG_WARN_BLOCK_CAPTURE_AUTORELEASING = YES;
				CLANG_WARN_BOOL_CONVERSION = YES;
				CLANG_WARN_COMMA = YES;
				CLANG_WARN_CONSTANT_CONVERSION = YES;
				CLANG_WARN_DEPRECATED_OBJC_IMPLEMENTATIONS = YES;
				CLANG_WARN_DIRECT_OBJC_ISA_USAGE = YES_ERROR;
				CLANG_WARN_DOCUMENTATION_COMMENTS = YES;
				CLANG_WARN_EMPTY_BODY = YES;
				CLANG_WARN_ENUM_CONVERSION = YES;
				CLANG_WARN_INFINITE_RECURSION = YES;
				CLANG_WARN_INT_CONVERSION = YES;
				CLANG_WARN_NON_LITERAL_NULL_CONVERSION = YES;
				CLANG_WARN_OBJC_IMPLICIT_RETAIN_SELF = YES;
				CLANG_WARN_OBJC_LITERAL_CONVERSION = YES;
				CLANG_WARN_OBJC_ROOT_CLASS = YES_ERROR;
				CLANG_WARN_QUOTED_INCLUDE_IN_FRAMEWORK_HEADER = YES;
				CLANG_WARN_RANGE_LOOP_ANALYSIS = YES;
				CLANG_WARN_STRICT_PROTOTYPES = YES;
				CLANG_WARN_SUSPICIOUS_MOVE = YES;
				CLANG_WARN_UNGUARDED_AVAILABILITY = YES_AGGRESSIVE;
				CLANG_WARN_UNREACHABLE_CODE = YES;
				CLANG_WARN__DUPLICATE_METHOD_MATCH = YES;
				COPY_PHASE_STRIP = NO;
				DEBUG_INFORMATION_FORMAT = "dwarf-with-dsym";
				ENABLE_NS_ASSERTIONS = NO;
				ENABLE_STRICT_OBJC_MSGSEND = YES;
				GCC_C_LANGUAGE_STANDARD = gnu11;
				GCC_NO_COMMON_BLOCKS = YES;
				GCC_WARN_64_TO_32_BIT_CONVERSION = YES;
				GCC_WARN_ABOUT_RETURN_TYPE = YES_ERROR;
				GCC_WARN_UNDECLARED_SELECTOR = YES;
				GCC_WARN_UNINITIALIZED_AUTOS = YES_AGGRESSIVE;
				GCC_WARN_UNUSED_FUNCTION = YES;
				GCC_WARN_UNUSED_VARIABLE = YES;
				IPHONEOS_DEPLOYMENT_TARGET = 15.4;
				MTL_ENABLE_DEBUG_INFO = NO;
				MTL_FAST_MATH = YES;
				SDKROOT = iphoneos;
				SWIFT_COMPILATION_MODE = wholemodule;
				SWIFT_OPTIMIZATION_LEVEL = "-O";
				VALIDATE_PRODUCT = YES;
			};
			name = Release;
		};
		D7F6246C29186E7500DD4FB7 /* Debug */ = {
			isa = XCBuildConfiguration;
			baseConfigurationReference = DC9ECEF2CA68BFD41B9CC535 /* Pods-GitHubRepositoriesApp.debug.xcconfig */;
			buildSettings = {
				ALWAYS_EMBED_SWIFT_STANDARD_LIBRARIES = YES;
				ASSETCATALOG_COMPILER_APPICON_NAME = AppIcon;
				ASSETCATALOG_COMPILER_GLOBAL_ACCENT_COLOR_NAME = AccentColor;
				CLANG_ENABLE_MODULES = YES;
				CODE_SIGN_STYLE = Automatic;
				CURRENT_PROJECT_VERSION = 1;
				DEVELOPMENT_TEAM = XX5A8FHGCD;
				GENERATE_INFOPLIST_FILE = YES;
				INFOPLIST_FILE = GitHubRepositoriesApp/Info.plist;
				INFOPLIST_KEY_NSMainNibFile = GitHubRepositoriesViewController;
				INFOPLIST_KEY_UIApplicationSupportsIndirectInputEvents = YES;
				INFOPLIST_KEY_UILaunchStoryboardName = LaunchScreen;
				INFOPLIST_KEY_UISupportedInterfaceOrientations_iPad = "UIInterfaceOrientationPortrait UIInterfaceOrientationPortraitUpsideDown UIInterfaceOrientationLandscapeLeft UIInterfaceOrientationLandscapeRight";
				INFOPLIST_KEY_UISupportedInterfaceOrientations_iPhone = "UIInterfaceOrientationPortrait UIInterfaceOrientationLandscapeLeft UIInterfaceOrientationLandscapeRight";
				LD_RUNPATH_SEARCH_PATHS = (
					"$(inherited)",
					"@executable_path/Frameworks",
				);
				MARKETING_VERSION = 1.0;
				PRODUCT_BUNDLE_IDENTIFIER = Robusta.GitHubRepositoriesApp;
				PRODUCT_NAME = "$(TARGET_NAME)";
				SWIFT_EMIT_LOC_STRINGS = YES;
				SWIFT_OPTIMIZATION_LEVEL = "-Onone";
				SWIFT_VERSION = 5.0;
				TARGETED_DEVICE_FAMILY = "1,2";
			};
			name = Debug;
		};
		D7F6246D29186E7500DD4FB7 /* Release */ = {
			isa = XCBuildConfiguration;
			baseConfigurationReference = D11F1017F714AF8FB8E0732B /* Pods-GitHubRepositoriesApp.release.xcconfig */;
			buildSettings = {
				ALWAYS_EMBED_SWIFT_STANDARD_LIBRARIES = YES;
				ASSETCATALOG_COMPILER_APPICON_NAME = AppIcon;
				ASSETCATALOG_COMPILER_GLOBAL_ACCENT_COLOR_NAME = AccentColor;
				CLANG_ENABLE_MODULES = YES;
				CODE_SIGN_STYLE = Automatic;
				CURRENT_PROJECT_VERSION = 1;
				DEVELOPMENT_TEAM = XX5A8FHGCD;
				GENERATE_INFOPLIST_FILE = YES;
				INFOPLIST_FILE = GitHubRepositoriesApp/Info.plist;
				INFOPLIST_KEY_NSMainNibFile = GitHubRepositoriesViewController;
				INFOPLIST_KEY_UIApplicationSupportsIndirectInputEvents = YES;
				INFOPLIST_KEY_UILaunchStoryboardName = LaunchScreen;
				INFOPLIST_KEY_UISupportedInterfaceOrientations_iPad = "UIInterfaceOrientationPortrait UIInterfaceOrientationPortraitUpsideDown UIInterfaceOrientationLandscapeLeft UIInterfaceOrientationLandscapeRight";
				INFOPLIST_KEY_UISupportedInterfaceOrientations_iPhone = "UIInterfaceOrientationPortrait UIInterfaceOrientationLandscapeLeft UIInterfaceOrientationLandscapeRight";
				LD_RUNPATH_SEARCH_PATHS = (
					"$(inherited)",
					"@executable_path/Frameworks",
				);
				MARKETING_VERSION = 1.0;
				PRODUCT_BUNDLE_IDENTIFIER = Robusta.GitHubRepositoriesApp;
				PRODUCT_NAME = "$(TARGET_NAME)";
				SWIFT_EMIT_LOC_STRINGS = YES;
				SWIFT_VERSION = 5.0;
				TARGETED_DEVICE_FAMILY = "1,2";
			};
			name = Release;
		};
		D7F6246F29186E7500DD4FB7 /* Debug */ = {
			isa = XCBuildConfiguration;
			baseConfigurationReference = 0BA9290F4BC825322D66CA37 /* Pods-GitHubRepositoriesAppTests.debug.xcconfig */;
			buildSettings = {
				ALWAYS_EMBED_SWIFT_STANDARD_LIBRARIES = YES;
				BUNDLE_LOADER = "$(TEST_HOST)";
				CLANG_ENABLE_MODULES = YES;
				CODE_SIGN_STYLE = Automatic;
				CURRENT_PROJECT_VERSION = 1;
				DEVELOPMENT_TEAM = XX5A8FHGCD;
				GENERATE_INFOPLIST_FILE = YES;
				IPHONEOS_DEPLOYMENT_TARGET = 15.4;
				LD_RUNPATH_SEARCH_PATHS = (
					"$(inherited)",
					"@executable_path/Frameworks",
					"@loader_path/Frameworks",
				);
				MARKETING_VERSION = 1.0;
				PRODUCT_BUNDLE_IDENTIFIER = Robusta.GitHubRepositoriesAppTests;
				PRODUCT_NAME = "$(TARGET_NAME)";
				SWIFT_EMIT_LOC_STRINGS = NO;
				SWIFT_OPTIMIZATION_LEVEL = "-Onone";
				SWIFT_VERSION = 5.0;
				TARGETED_DEVICE_FAMILY = "1,2";
				TEST_HOST = "$(BUILT_PRODUCTS_DIR)/GitHubRepositoriesApp.app/GitHubRepositoriesApp";
			};
			name = Debug;
		};
		D7F6247029186E7500DD4FB7 /* Release */ = {
			isa = XCBuildConfiguration;
			baseConfigurationReference = ABF44AFE8962104BA86259DC /* Pods-GitHubRepositoriesAppTests.release.xcconfig */;
			buildSettings = {
				ALWAYS_EMBED_SWIFT_STANDARD_LIBRARIES = YES;
				BUNDLE_LOADER = "$(TEST_HOST)";
				CLANG_ENABLE_MODULES = YES;
				CODE_SIGN_STYLE = Automatic;
				CURRENT_PROJECT_VERSION = 1;
				DEVELOPMENT_TEAM = XX5A8FHGCD;
				GENERATE_INFOPLIST_FILE = YES;
				IPHONEOS_DEPLOYMENT_TARGET = 15.4;
				LD_RUNPATH_SEARCH_PATHS = (
					"$(inherited)",
					"@executable_path/Frameworks",
					"@loader_path/Frameworks",
				);
				MARKETING_VERSION = 1.0;
				PRODUCT_BUNDLE_IDENTIFIER = Robusta.GitHubRepositoriesAppTests;
				PRODUCT_NAME = "$(TARGET_NAME)";
				SWIFT_EMIT_LOC_STRINGS = NO;
				SWIFT_VERSION = 5.0;
				TARGETED_DEVICE_FAMILY = "1,2";
				TEST_HOST = "$(BUILT_PRODUCTS_DIR)/GitHubRepositoriesApp.app/GitHubRepositoriesApp";
			};
			name = Release;
		};
/* End XCBuildConfiguration section */

/* Begin XCConfigurationList section */
		D7F56E27291969F1000DAD54 /* Build configuration list for PBXNativeTarget "GitHubRepositoriesNetworkClient" */ = {
			isa = XCConfigurationList;
			buildConfigurations = (
				D7F56E28291969F1000DAD54 /* Debug */,
				D7F56E29291969F1000DAD54 /* Release */,
			);
			defaultConfigurationIsVisible = 0;
			defaultConfigurationName = Release;
		};
		D7F6243C29186E7300DD4FB7 /* Build configuration list for PBXProject "GitHubRepositoriesApp" */ = {
			isa = XCConfigurationList;
			buildConfigurations = (
				D7F6246929186E7500DD4FB7 /* Debug */,
				D7F6246A29186E7500DD4FB7 /* Release */,
			);
			defaultConfigurationIsVisible = 0;
			defaultConfigurationName = Release;
		};
		D7F6246B29186E7500DD4FB7 /* Build configuration list for PBXNativeTarget "GitHubRepositoriesApp" */ = {
			isa = XCConfigurationList;
			buildConfigurations = (
				D7F6246C29186E7500DD4FB7 /* Debug */,
				D7F6246D29186E7500DD4FB7 /* Release */,
			);
			defaultConfigurationIsVisible = 0;
			defaultConfigurationName = Release;
		};
		D7F6246E29186E7500DD4FB7 /* Build configuration list for PBXNativeTarget "GitHubRepositoriesAppTests" */ = {
			isa = XCConfigurationList;
			buildConfigurations = (
				D7F6246F29186E7500DD4FB7 /* Debug */,
				D7F6247029186E7500DD4FB7 /* Release */,
			);
			defaultConfigurationIsVisible = 0;
			defaultConfigurationName = Release;
		};
/* End XCConfigurationList section */

/* Begin XCVersionGroup section */
		D7F56E2F29196A38000DAD54 /* CoreDataModel.xcdatamodeld */ = {
			isa = XCVersionGroup;
			children = (
				D7F56E3029196A38000DAD54 /* CoreDataModel.xcdatamodel */,
			);
			currentVersion = D7F56E3029196A38000DAD54 /* CoreDataModel.xcdatamodel */;
			path = CoreDataModel.xcdatamodeld;
			sourceTree = "<group>";
			versionGroupType = wrapper.xcdatamodel;
		};
/* End XCVersionGroup section */
	};
	rootObject = D7F6243929186E7300DD4FB7 /* Project object */;
}
